{
  "requires": true,
  "lockfileVersion": 1,
  "dependencies": {
    "aframe-look-at-component": {
      "version": "0.8.0",
      "resolved": "https://registry.npmjs.org/aframe-look-at-component/-/aframe-look-at-component-0.8.0.tgz",
      "integrity": "sha512-eU+PbFNmRFOj27DJzWyMeYIHvLxTvPs1AyfT4hqP/upk85YKgjzgRik2ImzCXYDZNRqozjdHq2HsrstvQFE6Zw=="
    }
  }
}
